{
    "_readme": [
        "This file locks the dependencies of your project to a known state",
        "Read more about it at https://getcomposer.org/doc/01-basic-usage.md#composer-lock-the-lock-file",
        "This file is @generated automatically"
    ],
    "hash": "f3878619ba44f6fe842c43fad71588e9",
    "content-hash": "d9bfe4c8149aa0635c32b80ea5ad04a3",
    "packages": [
        {
            "name": "owl/address",
            "version": "dev-master",
            "source": {
                "type": "git",
                "url": "https://github.com/october-widgets/address.git",
                "reference": "30dd916d8a833384feaf8b0318e05a5cbaa29891"
            },
            "dist": {
                "type": "zip",
                "url": "https://api.github.com/repos/october-widgets/address/zipball/30dd916d8a833384feaf8b0318e05a5cbaa29891",
                "reference": "30dd916d8a833384feaf8b0318e05a5cbaa29891",
                "shasum": ""
            },
            "require": {
                "php": ">=5.4.0"
            },
            "type": "library",
            "extra": {
                "branch-alias": {
                    "dev-master": "1.0-dev"
                }
            },
            "autoload": {
                "psr-4": {
                    "Owl\\FormWidgets\\Address\\": ""
                }
            },
            "notification-url": "https://packagist.org/downloads/",
            "license": [
                "MIT"
            ],
            "authors": [
                {
                    "name": "Alexey Bobkov",
                    "email": "aleksey.bobkov@gmail.com"
                },
                {
                    "name": "Samuel Georges",
                    "email": "daftspunky@gmail.com"
                }
            ],
            "description": "Address widget for OctoberCMS.",
            "homepage": "http://github.com/october-widgets",
            "keywords": [
                "address",
                "october",
                "october cms",
                "owl"
            ],
            "time": "2015-03-07 23:42:49"
        },
        {
            "name": "owl/tagbox",
            "version": "dev-master",
            "source": {
                "type": "git",
                "url": "https://github.com/october-widgets/tagbox.git",
                "reference": "9ed118d04764139c1071b05d301cf933a770da8d"
            },
            "dist": {
                "type": "zip",
                "url": "https://api.github.com/repos/october-widgets/tagbox/zipball/9ed118d04764139c1071b05d301cf933a770da8d",
                "reference": "9ed118d04764139c1071b05d301cf933a770da8d",
                "shasum": ""
            },
            "require": {
                "php": ">=5.4.0"
            },
            "type": "library",
            "extra": {
                "branch-alias": {
                    "dev-master": "1.0-dev"
                }
            },
            "autoload": {
                "psr-4": {
                    "Owl\\FormWidgets\\Tagbox\\": ""
                }
            },
            "notification-url": "https://packagist.org/downloads/",
            "license": [
                "MIT"
            ],
            "authors": [
                {
                    "name": "Scott Bedard",
                    "email": "scottbedard90@gmail.com"
                }
            ],
            "description": "Tag form widget for OctoberCMS.",
            "homepage": "http://github.com/october-widgets",
            "keywords": [
                "october",
                "october cms",
                "owl",
                "tagbox"
            ],
            "time": "2015-04-14 19:11:32"
        }
    ],
    "packages-dev": [],
    "aliases": [],
    "minimum-stability": "stable",
    "stability-flags": {
        "owl/address": 20,
        "owl/tagbox": 20
    },
    "prefer-stable": false,
    "prefer-lowest": false,
    "platform": [],
    "platform-dev": []
}
